
Microsoft Visual Studio Solution File, Format Version 12.00
# Visual Studio Version 16
VisualStudioVersion = 16.0.29728.190
MinimumVisualStudioVersion = 10.0.40219.1
Project("{FAE04EC0-301F-11D3-BF4B-00C04F79EFBC}") = "GimmeMillions.Domain.OLD", "GimmeMillions.Domain\GimmeMillions.Domain.OLD.csproj", "{33C44D32-3FE7-4B05-9D8D-0E3018F608C5}"
EndProject
Project("{FAE04EC0-301F-11D3-BF4B-00C04F79EFBC}") = "GimmeMillions.DataAccess.OLD", "GimmeMillions.DataAccess\GimmeMillions.DataAccess.OLD.csproj", "{437B1FA4-2D43-44B8-B1D9-63006A0D1612}"
EndProject
Project("{2150E333-8FDC-42A3-9474-1A3956D46DE8}") = "Tests", "Tests", "{B0E16F1D-5F27-4C13-9117-2D625BB588F6}"
EndProject
Project("{FAE04EC0-301F-11D3-BF4B-00C04F79EFBC}") = "GimmeMillions.DataAccess.Tests", "Tests\GimmeMillions.DataAccess.Tests\GimmeMillions.DataAccess.Tests.csproj", "{8232078D-B9A6-4FA0-B067-36CA49025271}"
EndProject
Project("{2150E333-8FDC-42A3-9474-1A3956D46DE8}") = "Apps", "Apps", "{0EBDE5AA-DB44-4830-9234-5DAA16386E4A}"
EndProject
Project("{FAE04EC0-301F-11D3-BF4B-00C04F79EFBC}") = "GimmeMillions.Domain.Tests", "Tests\GimmeMillions.Domain.Tests\GimmeMillions.Domain.Tests.csproj", "{BC7B0190-4F97-4727-B827-187BB4E24324}"
EndProject
Project("{FAE04EC0-301F-11D3-BF4B-00C04F79EFBC}") = "GimmeMillions.SQLDataAccess.OLD", "GimmeMillions.SQLDataAccess\GimmeMillions.SQLDataAccess.OLD.csproj", "{2E4BCDBB-F262-4E74-86D9-C59C2991B4F7}"
EndProject
Project("{2150E333-8FDC-42A3-9474-1A3956D46DE8}") = "Source", "Source", "{CEF39BB3-5E2B-4F40-B2FE-A1E618D86AC5}"
EndProject
Project("{FAE04EC0-301F-11D3-BF4B-00C04F79EFBC}") = "GimmeMillions.Domain", "Source\GimmeMillions.Domain\GimmeMillions.Domain.csproj", "{C45DB11E-81AF-4DD4-B87A-EA2C381C0DB7}"
EndProject
Project("{FAE04EC0-301F-11D3-BF4B-00C04F79EFBC}") = "GimmeMillions.DataAccess", "Source\GimmeMillions.DataAccess\GimmeMillions.DataAccess.csproj", "{00D501E6-2071-4582-9BC3-DC9E175964E1}"
EndProject
Project("{FAE04EC0-301F-11D3-BF4B-00C04F79EFBC}") = "GimmeMillions.Database", "Source\GimmeMillions.Database\GimmeMillions.Database.csproj", "{9D82F9D0-355C-4C7A-AD29-1C7C49239889}"
EndProject
Project("{FAE04EC0-301F-11D3-BF4B-00C04F79EFBC}") = "DNNTrainer.OLD", "Apps\DNNTrainer.OLD\DNNTrainer.OLD.csproj", "{D1F4F067-D11C-4C69-BD90-659F664EB651}"
EndProject
Project("{FAE04EC0-301F-11D3-BF4B-00C04F79EFBC}") = "ModelTrainer", "Apps\ModelTrainer\ModelTrainer.csproj", "{2FBFEA8C-6302-4497-8848-DDD005BF7FA9}"
EndProject
Global
	GlobalSection(SolutionConfigurationPlatforms) = preSolution
		Debug|Any CPU = Debug|Any CPU
		Debug|x64 = Debug|x64
		Release|Any CPU = Release|Any CPU
		Release|x64 = Release|x64
	EndGlobalSection
	GlobalSection(ProjectConfigurationPlatforms) = postSolution
		{33C44D32-3FE7-4B05-9D8D-0E3018F608C5}.Debug|Any CPU.ActiveCfg = Debug|Any CPU
		{33C44D32-3FE7-4B05-9D8D-0E3018F608C5}.Debug|Any CPU.Build.0 = Debug|Any CPU
		{33C44D32-3FE7-4B05-9D8D-0E3018F608C5}.Debug|x64.ActiveCfg = Debug|x64
		{33C44D32-3FE7-4B05-9D8D-0E3018F608C5}.Debug|x64.Build.0 = Debug|x64
		{33C44D32-3FE7-4B05-9D8D-0E3018F608C5}.Release|Any CPU.ActiveCfg = Release|Any CPU
		{33C44D32-3FE7-4B05-9D8D-0E3018F608C5}.Release|Any CPU.Build.0 = Release|Any CPU
		{33C44D32-3FE7-4B05-9D8D-0E3018F608C5}.Release|x64.ActiveCfg = Release|x64
		{33C44D32-3FE7-4B05-9D8D-0E3018F608C5}.Release|x64.Build.0 = Release|x64
		{437B1FA4-2D43-44B8-B1D9-63006A0D1612}.Debug|Any CPU.ActiveCfg = Debug|Any CPU
		{437B1FA4-2D43-44B8-B1D9-63006A0D1612}.Debug|Any CPU.Build.0 = Debug|Any CPU
		{437B1FA4-2D43-44B8-B1D9-63006A0D1612}.Debug|x64.ActiveCfg = Debug|x64
		{437B1FA4-2D43-44B8-B1D9-63006A0D1612}.Debug|x64.Build.0 = Debug|x64
		{437B1FA4-2D43-44B8-B1D9-63006A0D1612}.Release|Any CPU.ActiveCfg = Release|Any CPU
		{437B1FA4-2D43-44B8-B1D9-63006A0D1612}.Release|Any CPU.Build.0 = Release|Any CPU
		{437B1FA4-2D43-44B8-B1D9-63006A0D1612}.Release|x64.ActiveCfg = Release|x64
		{437B1FA4-2D43-44B8-B1D9-63006A0D1612}.Release|x64.Build.0 = Release|x64
		{8232078D-B9A6-4FA0-B067-36CA49025271}.Debug|Any CPU.ActiveCfg = Debug|Any CPU
		{8232078D-B9A6-4FA0-B067-36CA49025271}.Debug|Any CPU.Build.0 = Debug|Any CPU
		{8232078D-B9A6-4FA0-B067-36CA49025271}.Debug|x64.ActiveCfg = Debug|x64
		{8232078D-B9A6-4FA0-B067-36CA49025271}.Debug|x64.Build.0 = Debug|x64
		{8232078D-B9A6-4FA0-B067-36CA49025271}.Release|Any CPU.ActiveCfg = Release|Any CPU
		{8232078D-B9A6-4FA0-B067-36CA49025271}.Release|Any CPU.Build.0 = Release|Any CPU
		{8232078D-B9A6-4FA0-B067-36CA49025271}.Release|x64.ActiveCfg = Release|x64
		{8232078D-B9A6-4FA0-B067-36CA49025271}.Release|x64.Build.0 = Release|x64
		{BC7B0190-4F97-4727-B827-187BB4E24324}.Debug|Any CPU.ActiveCfg = Debug|Any CPU
		{BC7B0190-4F97-4727-B827-187BB4E24324}.Debug|Any CPU.Build.0 = Debug|Any CPU
		{BC7B0190-4F97-4727-B827-187BB4E24324}.Debug|x64.ActiveCfg = Debug|x64
		{BC7B0190-4F97-4727-B827-187BB4E24324}.Debug|x64.Build.0 = Debug|x64
		{BC7B0190-4F97-4727-B827-187BB4E24324}.Release|Any CPU.ActiveCfg = Release|Any CPU
		{BC7B0190-4F97-4727-B827-187BB4E24324}.Release|Any CPU.Build.0 = Release|Any CPU
		{BC7B0190-4F97-4727-B827-187BB4E24324}.Release|x64.ActiveCfg = Release|x64
		{BC7B0190-4F97-4727-B827-187BB4E24324}.Release|x64.Build.0 = Release|x64
		{2E4BCDBB-F262-4E74-86D9-C59C2991B4F7}.Debug|Any CPU.ActiveCfg = Debug|Any CPU
		{2E4BCDBB-F262-4E74-86D9-C59C2991B4F7}.Debug|Any CPU.Build.0 = Debug|Any CPU
		{2E4BCDBB-F262-4E74-86D9-C59C2991B4F7}.Debug|x64.ActiveCfg = Debug|Any CPU
		{2E4BCDBB-F262-4E74-86D9-C59C2991B4F7}.Debug|x64.Build.0 = Debug|Any CPU
		{2E4BCDBB-F262-4E74-86D9-C59C2991B4F7}.Release|Any CPU.ActiveCfg = Release|Any CPU
		{2E4BCDBB-F262-4E74-86D9-C59C2991B4F7}.Release|Any CPU.Build.0 = Release|Any CPU
		{2E4BCDBB-F262-4E74-86D9-C59C2991B4F7}.Release|x64.ActiveCfg = Release|Any CPU
		{2E4BCDBB-F262-4E74-86D9-C59C2991B4F7}.Release|x64.Build.0 = Release|Any CPU
		{C45DB11E-81AF-4DD4-B87A-EA2C381C0DB7}.Debug|Any CPU.ActiveCfg = Debug|Any CPU
		{C45DB11E-81AF-4DD4-B87A-EA2C381C0DB7}.Debug|Any CPU.Build.0 = Debug|Any CPU
		{C45DB11E-81AF-4DD4-B87A-EA2C381C0DB7}.Debug|x64.ActiveCfg = Debug|Any CPU
		{C45DB11E-81AF-4DD4-B87A-EA2C381C0DB7}.Debug|x64.Build.0 = Debug|Any CPU
		{C45DB11E-81AF-4DD4-B87A-EA2C381C0DB7}.Release|Any CPU.ActiveCfg = Release|Any CPU
		{C45DB11E-81AF-4DD4-B87A-EA2C381C0DB7}.Release|Any CPU.Build.0 = Release|Any CPU
		{C45DB11E-81AF-4DD4-B87A-EA2C381C0DB7}.Release|x64.ActiveCfg = Release|Any CPU
		{C45DB11E-81AF-4DD4-B87A-EA2C381C0DB7}.Release|x64.Build.0 = Release|Any CPU
		{00D501E6-2071-4582-9BC3-DC9E175964E1}.Debug|Any CPU.ActiveCfg = Debug|Any CPU
		{00D501E6-2071-4582-9BC3-DC9E175964E1}.Debug|Any CPU.Build.0 = Debug|Any CPU
		{00D501E6-2071-4582-9BC3-DC9E175964E1}.Debug|x64.ActiveCfg = Debug|Any CPU
		{00D501E6-2071-4582-9BC3-DC9E175964E1}.Debug|x64.Build.0 = Debug|Any CPU
		{00D501E6-2071-4582-9BC3-DC9E175964E1}.Release|Any CPU.ActiveCfg = Release|Any CPU
		{00D501E6-2071-4582-9BC3-DC9E175964E1}.Release|Any CPU.Build.0 = Release|Any CPU
		{00D501E6-2071-4582-9BC3-DC9E175964E1}.Release|x64.ActiveCfg = Release|Any CPU
		{00D501E6-2071-4582-9BC3-DC9E175964E1}.Release|x64.Build.0 = Release|Any CPU
		{9D82F9D0-355C-4C7A-AD29-1C7C49239889}.Debug|Any CPU.ActiveCfg = Debug|Any CPU
		{9D82F9D0-355C-4C7A-AD29-1C7C49239889}.Debug|Any CPU.Build.0 = Debug|Any CPU
		{9D82F9D0-355C-4C7A-AD29-1C7C49239889}.Debug|x64.ActiveCfg = Debug|Any CPU
		{9D82F9D0-355C-4C7A-AD29-1C7C49239889}.Debug|x64.Build.0 = Debug|Any CPU
		{9D82F9D0-355C-4C7A-AD29-1C7C49239889}.Release|Any CPU.ActiveCfg = Release|Any CPU
		{9D82F9D0-355C-4C7A-AD29-1C7C49239889}.Release|Any CPU.Build.0 = Release|Any CPU
		{9D82F9D0-355C-4C7A-AD29-1C7C49239889}.Release|x64.ActiveCfg = Release|Any CPU
		{9D82F9D0-355C-4C7A-AD29-1C7C49239889}.Release|x64.Build.0 = Release|Any CPU
		{D1F4F067-D11C-4C69-BD90-659F664EB651}.Debug|Any CPU.ActiveCfg = Debug|Any CPU
		{D1F4F067-D11C-4C69-BD90-659F664EB651}.Debug|Any CPU.Build.0 = Debug|Any CPU
		{D1F4F067-D11C-4C69-BD90-659F664EB651}.Debug|x64.ActiveCfg = Debug|Any CPU
		{D1F4F067-D11C-4C69-BD90-659F664EB651}.Debug|x64.Build.0 = Debug|Any CPU
		{D1F4F067-D11C-4C69-BD90-659F664EB651}.Release|Any CPU.ActiveCfg = Release|Any CPU
		{D1F4F067-D11C-4C69-BD90-659F664EB651}.Release|Any CPU.Build.0 = Release|Any CPU
		{D1F4F067-D11C-4C69-BD90-659F664EB651}.Release|x64.ActiveCfg = Release|Any CPU
		{D1F4F067-D11C-4C69-BD90-659F664EB651}.Release|x64.Build.0 = Release|Any CPU
		{2FBFEA8C-6302-4497-8848-DDD005BF7FA9}.Debug|Any CPU.ActiveCfg = Debug|Any CPU
		{2FBFEA8C-6302-4497-8848-DDD005BF7FA9}.Debug|Any CPU.Build.0 = Debug|Any CPU
		{2FBFEA8C-6302-4497-8848-DDD005BF7FA9}.Debug|x64.ActiveCfg = Debug|Any CPU
		{2FBFEA8C-6302-4497-8848-DDD005BF7FA9}.Debug|x64.Build.0 = Debug|Any CPU
		{2FBFEA8C-6302-4497-8848-DDD005BF7FA9}.Release|Any CPU.ActiveCfg = Release|Any CPU
		{2FBFEA8C-6302-4497-8848-DDD005BF7FA9}.Release|Any CPU.Build.0 = Release|Any CPU
		{2FBFEA8C-6302-4497-8848-DDD005BF7FA9}.Release|x64.ActiveCfg = Release|Any CPU
		{2FBFEA8C-6302-4497-8848-DDD005BF7FA9}.Release|x64.Build.0 = Release|Any CPU
	EndGlobalSection
	GlobalSection(SolutionProperties) = preSolution
		HideSolutionNode = FALSE
	EndGlobalSection
	GlobalSection(NestedProjects) = preSolution
		{8232078D-B9A6-4FA0-B067-36CA49025271} = {B0E16F1D-5F27-4C13-9117-2D625BB588F6}
		{BC7B0190-4F97-4727-B827-187BB4E24324} = {B0E16F1D-5F27-4C13-9117-2D625BB588F6}
		{C45DB11E-81AF-4DD4-B87A-EA2C381C0DB7} = {CEF39BB3-5E2B-4F40-B2FE-A1E618D86AC5}
		{00D501E6-2071-4582-9BC3-DC9E175964E1} = {CEF39BB3-5E2B-4F40-B2FE-A1E618D86AC5}
		{9D82F9D0-355C-4C7A-AD29-1C7C49239889} = {CEF39BB3-5E2B-4F40-B2FE-A1E618D86AC5}
		{D1F4F067-D11C-4C69-BD90-659F664EB651} = {0EBDE5AA-DB44-4830-9234-5DAA16386E4A}
		{2FBFEA8C-6302-4497-8848-DDD005BF7FA9} = {0EBDE5AA-DB44-4830-9234-5DAA16386E4A}
	EndGlobalSection
	GlobalSection(ExtensibilityGlobals) = postSolution
		SolutionGuid = {1AC6AAE2-C385-494A-B0BB-CE2501C90DB9}
	EndGlobalSection
EndGlobal
