
Microsoft Visual Studio Solution File, Format Version 12.00
# Visual Studio Version 16
VisualStudioVersion = 16.0.29728.190
MinimumVisualStudioVersion = 10.0.40219.1
Project("{FAE04EC0-301F-11D3-BF4B-00C04F79EFBC}") = "GimmeMillions.Domain", "GimmeMillions.Domain\GimmeMillions.Domain.csproj", "{33C44D32-3FE7-4B05-9D8D-0E3018F608C5}"
EndProject
Project("{FAE04EC0-301F-11D3-BF4B-00C04F79EFBC}") = "GimmeMillions.DataAccess", "GimmeMillions.DataAccess\GimmeMillions.DataAccess.csproj", "{437B1FA4-2D43-44B8-B1D9-63006A0D1612}"
EndProject
Project("{2150E333-8FDC-42A3-9474-1A3956D46DE8}") = "Tests", "Tests", "{B0E16F1D-5F27-4C13-9117-2D625BB588F6}"
EndProject
Project("{FAE04EC0-301F-11D3-BF4B-00C04F79EFBC}") = "GimmeMillions.DataAccess.Tests", "Tests\GimmeMillions.DataAccess.Tests\GimmeMillions.DataAccess.Tests.csproj", "{8232078D-B9A6-4FA0-B067-36CA49025271}"
EndProject
Project("{2150E333-8FDC-42A3-9474-1A3956D46DE8}") = "Apps", "Apps", "{0EBDE5AA-DB44-4830-9234-5DAA16386E4A}"
EndProject
Project("{FAE04EC0-301F-11D3-BF4B-00C04F79EFBC}") = "NytArticleCollector", "NytArticleCollector\NytArticleCollector.csproj", "{32BF6EF5-1541-4359-B783-AB79A423E3F4}"
EndProject
Project("{FAE04EC0-301F-11D3-BF4B-00C04F79EFBC}") = "GimmeMillions.Domain.Tests", "Tests\GimmeMillions.Domain.Tests\GimmeMillions.Domain.Tests.csproj", "{BC7B0190-4F97-4727-B827-187BB4E24324}"
EndProject
Project("{FAE04EC0-301F-11D3-BF4B-00C04F79EFBC}") = "SimulationTest", "Apps\SimulationTest\SimulationTest.csproj", "{4BC2FE6A-05C8-454F-89BA-4EE3112DC44D}"
EndProject
Project("{FAE04EC0-301F-11D3-BF4B-00C04F79EFBC}") = "ModelTrainer", "Apps\ModelTrainer\ModelTrainer.csproj", "{EFA59C21-ACF7-4EA0-9EDF-A0C6A822EB9B}"
EndProject
Project("{FAE04EC0-301F-11D3-BF4B-00C04F79EFBC}") = "ModelTestSimulation", "Apps\ModelTestSimulation\ModelTestSimulation.csproj", "{9EB544E6-1F0E-4122-870C-37A9C0E14857}"
EndProject
Project("{FAE04EC0-301F-11D3-BF4B-00C04F79EFBC}") = "RecommendationMaker", "Apps\RecommendationMaker\RecommendationMaker.csproj", "{93ECD420-65E1-424F-B2E1-786BD0DC2969}"
EndProject
Project("{FAE04EC0-301F-11D3-BF4B-00C04F79EFBC}") = "DNNTrainer", "Apps\DNNTrainer\DNNTrainer.csproj", "{D1F4F067-D11C-4C69-BD90-659F664EB651}"
EndProject
Project("{FAE04EC0-301F-11D3-BF4B-00C04F79EFBC}") = "StockUpdater", "Apps\StockUpdater\StockUpdater.csproj", "{7FD996E1-8FFE-413D-8B84-46A68F0DA37D}"
EndProject
Global
	GlobalSection(SolutionConfigurationPlatforms) = preSolution
		Debug|Any CPU = Debug|Any CPU
		Debug|x64 = Debug|x64
		Release|Any CPU = Release|Any CPU
		Release|x64 = Release|x64
	EndGlobalSection
	GlobalSection(ProjectConfigurationPlatforms) = postSolution
		{33C44D32-3FE7-4B05-9D8D-0E3018F608C5}.Debug|Any CPU.ActiveCfg = Debug|Any CPU
		{33C44D32-3FE7-4B05-9D8D-0E3018F608C5}.Debug|Any CPU.Build.0 = Debug|Any CPU
		{33C44D32-3FE7-4B05-9D8D-0E3018F608C5}.Debug|x64.ActiveCfg = Debug|x64
		{33C44D32-3FE7-4B05-9D8D-0E3018F608C5}.Debug|x64.Build.0 = Debug|x64
		{33C44D32-3FE7-4B05-9D8D-0E3018F608C5}.Release|Any CPU.ActiveCfg = Release|Any CPU
		{33C44D32-3FE7-4B05-9D8D-0E3018F608C5}.Release|Any CPU.Build.0 = Release|Any CPU
		{33C44D32-3FE7-4B05-9D8D-0E3018F608C5}.Release|x64.ActiveCfg = Release|x64
		{33C44D32-3FE7-4B05-9D8D-0E3018F608C5}.Release|x64.Build.0 = Release|x64
		{437B1FA4-2D43-44B8-B1D9-63006A0D1612}.Debug|Any CPU.ActiveCfg = Debug|Any CPU
		{437B1FA4-2D43-44B8-B1D9-63006A0D1612}.Debug|Any CPU.Build.0 = Debug|Any CPU
		{437B1FA4-2D43-44B8-B1D9-63006A0D1612}.Debug|x64.ActiveCfg = Debug|x64
		{437B1FA4-2D43-44B8-B1D9-63006A0D1612}.Debug|x64.Build.0 = Debug|x64
		{437B1FA4-2D43-44B8-B1D9-63006A0D1612}.Release|Any CPU.ActiveCfg = Release|Any CPU
		{437B1FA4-2D43-44B8-B1D9-63006A0D1612}.Release|Any CPU.Build.0 = Release|Any CPU
		{437B1FA4-2D43-44B8-B1D9-63006A0D1612}.Release|x64.ActiveCfg = Release|x64
		{437B1FA4-2D43-44B8-B1D9-63006A0D1612}.Release|x64.Build.0 = Release|x64
		{8232078D-B9A6-4FA0-B067-36CA49025271}.Debug|Any CPU.ActiveCfg = Debug|Any CPU
		{8232078D-B9A6-4FA0-B067-36CA49025271}.Debug|Any CPU.Build.0 = Debug|Any CPU
		{8232078D-B9A6-4FA0-B067-36CA49025271}.Debug|x64.ActiveCfg = Debug|x64
		{8232078D-B9A6-4FA0-B067-36CA49025271}.Debug|x64.Build.0 = Debug|x64
		{8232078D-B9A6-4FA0-B067-36CA49025271}.Release|Any CPU.ActiveCfg = Release|Any CPU
		{8232078D-B9A6-4FA0-B067-36CA49025271}.Release|Any CPU.Build.0 = Release|Any CPU
		{8232078D-B9A6-4FA0-B067-36CA49025271}.Release|x64.ActiveCfg = Release|x64
		{8232078D-B9A6-4FA0-B067-36CA49025271}.Release|x64.Build.0 = Release|x64
		{32BF6EF5-1541-4359-B783-AB79A423E3F4}.Debug|Any CPU.ActiveCfg = Debug|Any CPU
		{32BF6EF5-1541-4359-B783-AB79A423E3F4}.Debug|Any CPU.Build.0 = Debug|Any CPU
		{32BF6EF5-1541-4359-B783-AB79A423E3F4}.Debug|x64.ActiveCfg = Debug|x64
		{32BF6EF5-1541-4359-B783-AB79A423E3F4}.Debug|x64.Build.0 = Debug|x64
		{32BF6EF5-1541-4359-B783-AB79A423E3F4}.Release|Any CPU.ActiveCfg = Release|Any CPU
		{32BF6EF5-1541-4359-B783-AB79A423E3F4}.Release|Any CPU.Build.0 = Release|Any CPU
		{32BF6EF5-1541-4359-B783-AB79A423E3F4}.Release|x64.ActiveCfg = Release|x64
		{32BF6EF5-1541-4359-B783-AB79A423E3F4}.Release|x64.Build.0 = Release|x64
		{BC7B0190-4F97-4727-B827-187BB4E24324}.Debug|Any CPU.ActiveCfg = Debug|Any CPU
		{BC7B0190-4F97-4727-B827-187BB4E24324}.Debug|Any CPU.Build.0 = Debug|Any CPU
		{BC7B0190-4F97-4727-B827-187BB4E24324}.Debug|x64.ActiveCfg = Debug|x64
		{BC7B0190-4F97-4727-B827-187BB4E24324}.Debug|x64.Build.0 = Debug|x64
		{BC7B0190-4F97-4727-B827-187BB4E24324}.Release|Any CPU.ActiveCfg = Release|Any CPU
		{BC7B0190-4F97-4727-B827-187BB4E24324}.Release|Any CPU.Build.0 = Release|Any CPU
		{BC7B0190-4F97-4727-B827-187BB4E24324}.Release|x64.ActiveCfg = Release|x64
		{BC7B0190-4F97-4727-B827-187BB4E24324}.Release|x64.Build.0 = Release|x64
		{4BC2FE6A-05C8-454F-89BA-4EE3112DC44D}.Debug|Any CPU.ActiveCfg = Debug|Any CPU
		{4BC2FE6A-05C8-454F-89BA-4EE3112DC44D}.Debug|Any CPU.Build.0 = Debug|Any CPU
		{4BC2FE6A-05C8-454F-89BA-4EE3112DC44D}.Debug|x64.ActiveCfg = Debug|Any CPU
		{4BC2FE6A-05C8-454F-89BA-4EE3112DC44D}.Debug|x64.Build.0 = Debug|Any CPU
		{4BC2FE6A-05C8-454F-89BA-4EE3112DC44D}.Release|Any CPU.ActiveCfg = Release|Any CPU
		{4BC2FE6A-05C8-454F-89BA-4EE3112DC44D}.Release|Any CPU.Build.0 = Release|Any CPU
		{4BC2FE6A-05C8-454F-89BA-4EE3112DC44D}.Release|x64.ActiveCfg = Release|Any CPU
		{4BC2FE6A-05C8-454F-89BA-4EE3112DC44D}.Release|x64.Build.0 = Release|Any CPU
		{EFA59C21-ACF7-4EA0-9EDF-A0C6A822EB9B}.Debug|Any CPU.ActiveCfg = Debug|Any CPU
		{EFA59C21-ACF7-4EA0-9EDF-A0C6A822EB9B}.Debug|Any CPU.Build.0 = Debug|Any CPU
		{EFA59C21-ACF7-4EA0-9EDF-A0C6A822EB9B}.Debug|x64.ActiveCfg = Debug|Any CPU
		{EFA59C21-ACF7-4EA0-9EDF-A0C6A822EB9B}.Debug|x64.Build.0 = Debug|Any CPU
		{EFA59C21-ACF7-4EA0-9EDF-A0C6A822EB9B}.Release|Any CPU.ActiveCfg = Release|Any CPU
		{EFA59C21-ACF7-4EA0-9EDF-A0C6A822EB9B}.Release|Any CPU.Build.0 = Release|Any CPU
		{EFA59C21-ACF7-4EA0-9EDF-A0C6A822EB9B}.Release|x64.ActiveCfg = Release|Any CPU
		{EFA59C21-ACF7-4EA0-9EDF-A0C6A822EB9B}.Release|x64.Build.0 = Release|Any CPU
		{9EB544E6-1F0E-4122-870C-37A9C0E14857}.Debug|Any CPU.ActiveCfg = Debug|Any CPU
		{9EB544E6-1F0E-4122-870C-37A9C0E14857}.Debug|Any CPU.Build.0 = Debug|Any CPU
		{9EB544E6-1F0E-4122-870C-37A9C0E14857}.Debug|x64.ActiveCfg = Debug|Any CPU
		{9EB544E6-1F0E-4122-870C-37A9C0E14857}.Debug|x64.Build.0 = Debug|Any CPU
		{9EB544E6-1F0E-4122-870C-37A9C0E14857}.Release|Any CPU.ActiveCfg = Release|Any CPU
		{9EB544E6-1F0E-4122-870C-37A9C0E14857}.Release|Any CPU.Build.0 = Release|Any CPU
		{9EB544E6-1F0E-4122-870C-37A9C0E14857}.Release|x64.ActiveCfg = Release|Any CPU
		{9EB544E6-1F0E-4122-870C-37A9C0E14857}.Release|x64.Build.0 = Release|Any CPU
		{93ECD420-65E1-424F-B2E1-786BD0DC2969}.Debug|Any CPU.ActiveCfg = Debug|Any CPU
		{93ECD420-65E1-424F-B2E1-786BD0DC2969}.Debug|Any CPU.Build.0 = Debug|Any CPU
		{93ECD420-65E1-424F-B2E1-786BD0DC2969}.Debug|x64.ActiveCfg = Debug|Any CPU
		{93ECD420-65E1-424F-B2E1-786BD0DC2969}.Debug|x64.Build.0 = Debug|Any CPU
		{93ECD420-65E1-424F-B2E1-786BD0DC2969}.Release|Any CPU.ActiveCfg = Release|Any CPU
		{93ECD420-65E1-424F-B2E1-786BD0DC2969}.Release|Any CPU.Build.0 = Release|Any CPU
		{93ECD420-65E1-424F-B2E1-786BD0DC2969}.Release|x64.ActiveCfg = Release|Any CPU
		{93ECD420-65E1-424F-B2E1-786BD0DC2969}.Release|x64.Build.0 = Release|Any CPU
		{D1F4F067-D11C-4C69-BD90-659F664EB651}.Debug|Any CPU.ActiveCfg = Debug|Any CPU
		{D1F4F067-D11C-4C69-BD90-659F664EB651}.Debug|Any CPU.Build.0 = Debug|Any CPU
		{D1F4F067-D11C-4C69-BD90-659F664EB651}.Debug|x64.ActiveCfg = Debug|Any CPU
		{D1F4F067-D11C-4C69-BD90-659F664EB651}.Debug|x64.Build.0 = Debug|Any CPU
		{D1F4F067-D11C-4C69-BD90-659F664EB651}.Release|Any CPU.ActiveCfg = Release|Any CPU
		{D1F4F067-D11C-4C69-BD90-659F664EB651}.Release|Any CPU.Build.0 = Release|Any CPU
		{D1F4F067-D11C-4C69-BD90-659F664EB651}.Release|x64.ActiveCfg = Release|Any CPU
		{D1F4F067-D11C-4C69-BD90-659F664EB651}.Release|x64.Build.0 = Release|Any CPU
		{7FD996E1-8FFE-413D-8B84-46A68F0DA37D}.Debug|Any CPU.ActiveCfg = Debug|Any CPU
		{7FD996E1-8FFE-413D-8B84-46A68F0DA37D}.Debug|Any CPU.Build.0 = Debug|Any CPU
		{7FD996E1-8FFE-413D-8B84-46A68F0DA37D}.Debug|x64.ActiveCfg = Debug|Any CPU
		{7FD996E1-8FFE-413D-8B84-46A68F0DA37D}.Debug|x64.Build.0 = Debug|Any CPU
		{7FD996E1-8FFE-413D-8B84-46A68F0DA37D}.Release|Any CPU.ActiveCfg = Release|Any CPU
		{7FD996E1-8FFE-413D-8B84-46A68F0DA37D}.Release|Any CPU.Build.0 = Release|Any CPU
		{7FD996E1-8FFE-413D-8B84-46A68F0DA37D}.Release|x64.ActiveCfg = Release|Any CPU
		{7FD996E1-8FFE-413D-8B84-46A68F0DA37D}.Release|x64.Build.0 = Release|Any CPU
	EndGlobalSection
	GlobalSection(SolutionProperties) = preSolution
		HideSolutionNode = FALSE
	EndGlobalSection
	GlobalSection(NestedProjects) = preSolution
		{8232078D-B9A6-4FA0-B067-36CA49025271} = {B0E16F1D-5F27-4C13-9117-2D625BB588F6}
		{32BF6EF5-1541-4359-B783-AB79A423E3F4} = {0EBDE5AA-DB44-4830-9234-5DAA16386E4A}
		{BC7B0190-4F97-4727-B827-187BB4E24324} = {B0E16F1D-5F27-4C13-9117-2D625BB588F6}
		{4BC2FE6A-05C8-454F-89BA-4EE3112DC44D} = {0EBDE5AA-DB44-4830-9234-5DAA16386E4A}
		{EFA59C21-ACF7-4EA0-9EDF-A0C6A822EB9B} = {0EBDE5AA-DB44-4830-9234-5DAA16386E4A}
		{9EB544E6-1F0E-4122-870C-37A9C0E14857} = {0EBDE5AA-DB44-4830-9234-5DAA16386E4A}
		{93ECD420-65E1-424F-B2E1-786BD0DC2969} = {0EBDE5AA-DB44-4830-9234-5DAA16386E4A}
		{D1F4F067-D11C-4C69-BD90-659F664EB651} = {0EBDE5AA-DB44-4830-9234-5DAA16386E4A}
		{7FD996E1-8FFE-413D-8B84-46A68F0DA37D} = {0EBDE5AA-DB44-4830-9234-5DAA16386E4A}
	EndGlobalSection
	GlobalSection(ExtensibilityGlobals) = postSolution
		SolutionGuid = {1AC6AAE2-C385-494A-B0BB-CE2501C90DB9}
	EndGlobalSection
EndGlobal
